{
  "name": "proxy",
  "version": "1.0.0",
  "lockfileVersion": 3,
  "requires": true,
  "packages": {
    "": {
      "name": "proxy",
      "version": "1.0.0",
      "license": "ISC",
      "devDependencies": {
        "njs-types": "^0.8.0"
      }
    },
    "node_modules/njs-types": {
      "version": "0.8.0",
      "resolved": "https://registry.npmjs.org/njs-types/-/njs-types-0.8.0.tgz",
      "integrity": "sha512-txbfYbBNW+j6qw4NHMBh7luvpgNFjl3RGHtoaYFYajWpN4fehTnoHk9iE5fIuYFfiohYI42Xiy5A7gmvvvpg6A==",
      "dev": true
    }
  }
}
